
Microsoft Visual Studio Solution File, Format Version 12.00
# Visual Studio Version 17
VisualStudioVersion = 17.7.34221.43
MinimumVisualStudioVersion = 10.0.40219.1
Project("{FAE04EC0-301F-11D3-BF4B-00C04F79EFBC}") = "NETPractices", "NETPractices\NETPractices.csproj", "{DB94ABE0-7491-4977-92FD-E2F14930FE0E}"
EndProject
Project("{FAE04EC0-301F-11D3-BF4B-00C04F79EFBC}") = "JsonXMLParse", "JsonXMLParse\JsonXMLParse.csproj", "{9DE3E167-0F69-45E6-9164-B7A88A113DD3}"
EndProject
Project("{FAE04EC0-301F-11D3-BF4B-00C04F79EFBC}") = "PaginationService", "PaginationService\PaginationService.csproj", "{0588A44F-F216-4F79-9494-C25388E0D6C7}"
EndProject
Project("{FAE04EC0-301F-11D3-BF4B-00C04F79EFBC}") = "DataTypeParser", "DataTypeParser\DataTypeParser.csproj", "{B16A8E2B-7CB3-4BAC-9670-6644227D140A}"
EndProject
Global
	GlobalSection(SolutionConfigurationPlatforms) = preSolution
		Debug|Any CPU = Debug|Any CPU
		Release|Any CPU = Release|Any CPU
	EndGlobalSection
	GlobalSection(ProjectConfigurationPlatforms) = postSolution
		{DB94ABE0-7491-4977-92FD-E2F14930FE0E}.Debug|Any CPU.ActiveCfg = Debug|Any CPU
		{DB94ABE0-7491-4977-92FD-E2F14930FE0E}.Debug|Any CPU.Build.0 = Debug|Any CPU
		{DB94ABE0-7491-4977-92FD-E2F14930FE0E}.Release|Any CPU.ActiveCfg = Release|Any CPU
		{DB94ABE0-7491-4977-92FD-E2F14930FE0E}.Release|Any CPU.Build.0 = Release|Any CPU
		{9DE3E167-0F69-45E6-9164-B7A88A113DD3}.Debug|Any CPU.ActiveCfg = Debug|Any CPU
		{9DE3E167-0F69-45E6-9164-B7A88A113DD3}.Debug|Any CPU.Build.0 = Debug|Any CPU
		{9DE3E167-0F69-45E6-9164-B7A88A113DD3}.Release|Any CPU.ActiveCfg = Release|Any CPU
		{9DE3E167-0F69-45E6-9164-B7A88A113DD3}.Release|Any CPU.Build.0 = Release|Any CPU
		{0588A44F-F216-4F79-9494-C25388E0D6C7}.Debug|Any CPU.ActiveCfg = Debug|Any CPU
		{0588A44F-F216-4F79-9494-C25388E0D6C7}.Debug|Any CPU.Build.0 = Debug|Any CPU
		{0588A44F-F216-4F79-9494-C25388E0D6C7}.Release|Any CPU.ActiveCfg = Release|Any CPU
		{0588A44F-F216-4F79-9494-C25388E0D6C7}.Release|Any CPU.Build.0 = Release|Any CPU
		{B16A8E2B-7CB3-4BAC-9670-6644227D140A}.Debug|Any CPU.ActiveCfg = Debug|Any CPU
		{B16A8E2B-7CB3-4BAC-9670-6644227D140A}.Debug|Any CPU.Build.0 = Debug|Any CPU
		{B16A8E2B-7CB3-4BAC-9670-6644227D140A}.Release|Any CPU.ActiveCfg = Release|Any CPU
		{B16A8E2B-7CB3-4BAC-9670-6644227D140A}.Release|Any CPU.Build.0 = Release|Any CPU
	EndGlobalSection
	GlobalSection(SolutionProperties) = preSolution
		HideSolutionNode = FALSE
	EndGlobalSection
	GlobalSection(ExtensibilityGlobals) = postSolution
		SolutionGuid = {18B93EDA-1EA5-4BD6-A912-39B3CD3A1FFD}
	EndGlobalSection
EndGlobal
